// !$*UTF8*$!
{
	archiveVersion = 1;
	classes = {
	};
	objectVersion = 46;
	objects = {

/* Begin PBXBuildFile section */
		C4303F051B57D948008C31A0 /* main.m in Sources */ = {isa = PBXBuildFile; fileRef = C4303F041B57D948008C31A0 /* main.m */; };
		C4303F081B57D948008C31A0 /* AppDelegate.m in Sources */ = {isa = PBXBuildFile; fileRef = C4303F071B57D948008C31A0 /* AppDelegate.m */; };
		C4303F0B1B57D948008C31A0 /* RootViewController.m in Sources */ = {isa = PBXBuildFile; fileRef = C4303F0A1B57D948008C31A0 /* RootViewController.m */; };
		C4303F0E1B57D948008C31A0 /* Main.storyboard in Resources */ = {isa = PBXBuildFile; fileRef = C4303F0C1B57D948008C31A0 /* Main.storyboard */; };
		C4303F101B57D948008C31A0 /* Images.xcassets in Resources */ = {isa = PBXBuildFile; fileRef = C4303F0F1B57D948008C31A0 /* Images.xcassets */; };
		C4303F131B57D948008C31A0 /* LaunchScreen.xib in Resources */ = {isa = PBXBuildFile; fileRef = C4303F111B57D948008C31A0 /* LaunchScreen.xib */; };
		C4303F1F1B57D948008C31A0 /* MySafariTests.m in Sources */ = {isa = PBXBuildFile; fileRef = C4303F1E1B57D948008C31A0 /* MySafariTests.m */; };
/* End PBXBuildFile section */

/* Begin PBXContainerItemProxy section */
		C4303F191B57D948008C31A0 /* PBXContainerItemProxy */ = {
			isa = PBXContainerItemProxy;
			containerPortal = C4303EF71B57D948008C31A0 /* Project object */;
			proxyType = 1;
			remoteGlobalIDString = C4303EFE1B57D948008C31A0;
			remoteInfo = MySafari;
		};
/* End PBXContainerItemProxy section */

/* Begin PBXFileReference section */
		C4303EFF1B57D948008C31A0 /* MySafari.app */ = {isa = PBXFileReference; explicitFileType = wrapper.application; includeInIndex = 0; path = MySafari.app; sourceTree = BUILT_PRODUCTS_DIR; };
		C4303F031B57D948008C31A0 /* Info.plist */ = {isa = PBXFileReference; lastKnownFileType = text.plist.xml; path = Info.plist; sourceTree = "<group>"; };
		C4303F041B57D948008C31A0 /* main.m */ = {isa = PBXFileReference; lastKnownFileType = sourcecode.c.objc; path = main.m; sourceTree = "<group>"; };
		C4303F061B57D948008C31A0 /* AppDelegate.h */ = {isa = PBXFileReference; lastKnownFileType = sourcecode.c.h; path = AppDelegate.h; sourceTree = "<group>"; };
		C4303F071B57D948008C31A0 /* AppDelegate.m */ = {isa = PBXFileReference; lastKnownFileType = sourcecode.c.objc; path = AppDelegate.m; sourceTree = "<group>"; };
		C4303F091B57D948008C31A0 /* RootViewController.h */ = {isa = PBXFileReference; lastKnownFileType = sourcecode.c.h; path = RootViewController.h; sourceTree = "<group>"; };
		C4303F0A1B57D948008C31A0 /* RootViewController.m */ = {isa = PBXFileReference; lastKnownFileType = sourcecode.c.objc; path = RootViewController.m; sourceTree = "<group>"; };
		C4303F0D1B57D948008C31A0 /* Base */ = {isa = PBXFileReference; lastKnownFileType = file.storyboard; name = Base; path = Base.lproj/Main.storyboard; sourceTree = "<group>"; };
		C4303F0F1B57D948008C31A0 /* Images.xcassets */ = {isa = PBXFileReference; lastKnownFileType = folder.assetcatalog; path = Images.xcassets; sourceTree = "<group>"; };
		C4303F121B57D948008C31A0 /* Base */ = {isa = PBXFileReference; lastKnownFileType = file.xib; name = Base; path = Base.lproj/LaunchScreen.xib; sourceTree = "<group>"; };
		C4303F181B57D948008C31A0 /* MySafariTests.xctest */ = {isa = PBXFileReference; explicitFileType = wrapper.cfbundle; includeInIndex = 0; path = MySafariTests.xctest; sourceTree = BUILT_PRODUCTS_DIR; };
		C4303F1D1B57D948008C31A0 /* Info.plist */ = {isa = PBXFileReference; lastKnownFileType = text.plist.xml; path = Info.plist; sourceTree = "<group>"; };
		C4303F1E1B57D948008C31A0 /* MySafariTests.m */ = {isa = PBXFileReference; lastKnownFileType = sourcecode.c.objc; path = MySafariTests.m; sourceTree = "<group>"; };
/* End PBXFileReference section */

/* Begin PBXFrameworksBuildPhase section */
		C4303EFC1B57D948008C31A0 /* Frameworks */ = {
			isa = PBXFrameworksBuildPhase;
			buildActionMask = 2147483647;
			files = (
			);
			runOnlyForDeploymentPostprocessing = 0;
		};
		C4303F151B57D948008C31A0 /* Frameworks */ = {
			isa = PBXFrameworksBuildPhase;
			buildActionMask = 2147483647;
			files = (
			);
			runOnlyForDeploymentPostprocessing = 0;
		};
/* End PBXFrameworksBuildPhase section */

/* Begin PBXGroup section */
		C4303EF61B57D948008C31A0 = {
			isa = PBXGroup;
			children = (
				C4303F011B57D948008C31A0 /* MySafari */,
				C4303F1B1B57D948008C31A0 /* MySafariTests */,
				C4303F001B57D948008C31A0 /* Products */,
			);
			sourceTree = "<group>";
		};
		C4303F001B57D948008C31A0 /* Products */ = {
			isa = PBXGroup;
			children = (
				C4303EFF1B57D948008C31A0 /* MySafari.app */,
				C4303F181B57D948008C31A0 /* MySafariTests.xctest */,
			);
			name = Products;
			sourceTree = "<group>";
		};
		C4303F011B57D948008C31A0 /* MySafari */ = {
			isa = PBXGroup;
			children = (
				C4303F061B57D948008C31A0 /* AppDelegate.h */,
				C4303F071B57D948008C31A0 /* AppDelegate.m */,
				C4303F091B57D948008C31A0 /* RootViewController.h */,
				C4303F0A1B57D948008C31A0 /* RootViewController.m */,
				C4303F0C1B57D948008C31A0 /* Main.storyboard */,
				C4303F0F1B57D948008C31A0 /* Images.xcassets */,
				C4303F111B57D948008C31A0 /* LaunchScreen.xib */,
				C4303F021B57D948008C31A0 /* Supporting Files */,
			);
			path = MySafari;
			sourceTree = "<group>";
		};
		C4303F021B57D948008C31A0 /* Supporting Files */ = {
			isa = PBXGroup;
			children = (
				C4303F031B57D948008C31A0 /* Info.plist */,
				C4303F041B57D948008C31A0 /* main.m */,
			);
			name = "Supporting Files";
			sourceTree = "<group>";
		};
		C4303F1B1B57D948008C31A0 /* MySafariTests */ = {
			isa = PBXGroup;
			children = (
				C4303F1E1B57D948008C31A0 /* MySafariTests.m */,
				C4303F1C1B57D948008C31A0 /* Supporting Files */,
			);
			path = MySafariTests;
			sourceTree = "<group>";
		};
		C4303F1C1B57D948008C31A0 /* Supporting Files */ = {
			isa = PBXGroup;
			children = (
				C4303F1D1B57D948008C31A0 /* Info.plist */,
			);
			name = "Supporting Files";
			sourceTree = "<group>";
		};
/* End PBXGroup section */

/* Begin PBXNativeTarget section */
		C4303EFE1B57D948008C31A0 /* MySafari */ = {
			isa = PBXNativeTarget;
			buildConfigurationList = C4303F221B57D948008C31A0 /* Build configuration list for PBXNativeTarget "MySafari" */;
			buildPhases = (
				C4303EFB1B57D948008C31A0 /* Sources */,
				C4303EFC1B57D948008C31A0 /* Frameworks */,
				C4303EFD1B57D948008C31A0 /* Resources */,
			);
			buildRules = (
			);
			dependencies = (
			);
			name = MySafari;
			productName = MySafari;
			productReference = C4303EFF1B57D948008C31A0 /* MySafari.app */;
			productType = "com.apple.product-type.application";
		};
		C4303F171B57D948008C31A0 /* MySafariTests */ = {
			isa = PBXNativeTarget;
			buildConfigurationList = C4303F251B57D948008C31A0 /* Build configuration list for PBXNativeTarget "MySafariTests" */;
			buildPhases = (
				C4303F141B57D948008C31A0 /* Sources */,
				C4303F151B57D948008C31A0 /* Frameworks */,
				C4303F161B57D948008C31A0 /* Resources */,
			);
			buildRules = (
			);
			dependencies = (
				C4303F1A1B57D948008C31A0 /* PBXTargetDependency */,
			);
			name = MySafariTests;
			productName = MySafariTests;
			productReference = C4303F181B57D948008C31A0 /* MySafariTests.xctest */;
			productType = "com.apple.product-type.bundle.unit-test";
		};
/* End PBXNativeTarget section */

/* Begin PBXProject section */
		C4303EF71B57D948008C31A0 /* Project object */ = {
			isa = PBXProject;
			attributes = {
				LastUpgradeCheck = 0640;
				ORGANIZATIONNAME = "Rachel Schneebaum";
				TargetAttributes = {
					C4303EFE1B57D948008C31A0 = {
						CreatedOnToolsVersion = 6.4;
					};
					C4303F171B57D948008C31A0 = {
						CreatedOnToolsVersion = 6.4;
						TestTargetID = C4303EFE1B57D948008C31A0;
					};
				};
			};
			buildConfigurationList = C4303EFA1B57D948008C31A0 /* Build configuration list for PBXProject "MySafari" */;
			compatibilityVersion = "Xcode 3.2";
			developmentRegion = English;
			hasScannedForEncodings = 0;
			knownRegions = (
				en,
				Base,
			);
			mainGroup = C4303EF61B57D948008C31A0;
			productRefGroup = C4303F001B57D948008C31A0 /* Products */;
			projectDirPath = "";
			projectRoot = "";
			targets = (
				C4303EFE1B57D948008C31A0 /* MySafari */,
				C4303F171B57D948008C31A0 /* MySafariTests */,
			);
		};
/* End PBXProject section */

/* Begin PBXResourcesBuildPhase section */
		C4303EFD1B57D948008C31A0 /* Resources */ = {
			isa = PBXResourcesBuildPhase;
			buildActionMask = 2147483647;
			files = (
				C4303F0E1B57D948008C31A0 /* Main.storyboard in Resources */,
				C4303F131B57D948008C31A0 /* LaunchScreen.xib in Resources */,
				C4303F101B57D948008C31A0 /* Images.xcassets in Resources */,
			);
			runOnlyForDeploymentPostprocessing = 0;
		};
		C4303F161B57D948008C31A0 /* Resources */ = {
			isa = PBXResourcesBuildPhase;
			buildActionMask = 2147483647;
			files = (
			);
			runOnlyForDeploymentPostprocessing = 0;
		};
/* End PBXResourcesBuildPhase section */

/* Begin PBXSourcesBuildPhase section */
		C4303EFB1B57D948008C31A0 /* Sources */ = {
			isa = PBXSourcesBuildPhase;
			buildActionMask = 2147483647;
			files = (
				C4303F0B1B57D948008C31A0 /* RootViewController.m in Sources */,
				C4303F081B57D948008C31A0 /* AppDelegate.m in Sources */,
				C4303F051B57D948008C31A0 /* main.m in Sources */,
			);
			runOnlyForDeploymentPostprocessing = 0;
		};
		C4303F141B57D948008C31A0 /* Sources */ = {
			isa = PBXSourcesBuildPhase;
			buildActionMask = 2147483647;
			files = (
				C4303F1F1B57D948008C31A0 /* MySafariTests.m in Sources */,
			);
			runOnlyForDeploymentPostprocessing = 0;
		};
/* End PBXSourcesBuildPhase section */

/* Begin PBXTargetDependency section */
		C4303F1A1B57D948008C31A0 /* PBXTargetDependency */ = {
			isa = PBXTargetDependency;
			target = C4303EFE1B57D948008C31A0 /* MySafari */;
			targetProxy = C4303F191B57D948008C31A0 /* PBXContainerItemProxy */;
		};
/* End PBXTargetDependency section */

/* Begin PBXVariantGroup section */
		C4303F0C1B57D948008C31A0 /* Main.storyboard */ = {
			isa = PBXVariantGroup;
			children = (
				C4303F0D1B57D948008C31A0 /* Base */,
			);
			name = Main.storyboard;
			sourceTree = "<group>";
		};
		C4303F111B57D948008C31A0 /* LaunchScreen.xib */ = {
			isa = PBXVariantGroup;
			children = (
				C4303F121B57D948008C31A0 /* Base */,
			);
			name = LaunchScreen.xib;
			sourceTree = "<group>";
		};
/* End PBXVariantGroup section */

/* Begin XCBuildConfiguration section */
		C4303F201B57D948008C31A0 /* Debug */ = {
			isa = XCBuildConfiguration;
			buildSettings = {
				ALWAYS_SEARCH_USER_PATHS = NO;
				CLANG_CXX_LANGUAGE_STANDARD = "gnu++0x";
				CLANG_CXX_LIBRARY = "libc++";
				CLANG_ENABLE_MODULES = YES;
				CLANG_ENABLE_OBJC_ARC = YES;
				CLANG_WARN_BOOL_CONVERSION = YES;
				CLANG_WARN_CONSTANT_CONVERSION = YES;
				CLANG_WARN_DIRECT_OBJC_ISA_USAGE = YES_ERROR;
				CLANG_WARN_EMPTY_BODY = YES;
				CLANG_WARN_ENUM_CONVERSION = YES;
				CLANG_WARN_INT_CONVERSION = YES;
				CLANG_WARN_OBJC_ROOT_CLASS = YES_ERROR;
				CLANG_WARN_UNREACHABLE_CODE = YES;
				CLANG_WARN__DUPLICATE_METHOD_MATCH = YES;
				"CODE_SIGN_IDENTITY[sdk=iphoneos*]" = "iPhone Developer";
				COPY_PHASE_STRIP = NO;
				DEBUG_INFORMATION_FORMAT = "dwarf-with-dsym";
				ENABLE_STRICT_OBJC_MSGSEND = YES;
				GCC_C_LANGUAGE_STANDARD = gnu99;
				GCC_DYNAMIC_NO_PIC = NO;
				GCC_NO_COMMON_BLOCKS = YES;
				GCC_OPTIMIZATION_LEVEL = 0;
				GCC_PREPROCESSOR_DEFINITIONS = (
					"DEBUG=1",
					"$(inherited)",
				);
				GCC_SYMBOLS_PRIVATE_EXTERN = NO;
				GCC_WARN_64_TO_32_BIT_CONVERSION = YES;
				GCC_WARN_ABOUT_RETURN_TYPE = YES_ERROR;
				GCC_WARN_UNDECLARED_SELECTOR = YES;
				GCC_WARN_UNINITIALIZED_AUTOS = YES_AGGRESSIVE;
				GCC_WARN_UNUSED_FUNCTION = YES;
				GCC_WARN_UNUSED_VARIABLE = YES;
				IPHONEOS_DEPLOYMENT_TARGET = 8.4;
				MTL_ENABLE_DEBUG_INFO = YES;
				ONLY_ACTIVE_ARCH = YES;
				SDKROOT = iphoneos;
			};
			name = Debug;
		};
		C4303F211B57D948008C31A0 /* Release */ = {
			isa = XCBuildConfiguration;
			buildSettings = {
				ALWAYS_SEARCH_USER_PATHS = NO;
				CLANG_CXX_LANGUAGE_STANDARD = "gnu++0x";
				CLANG_CXX_LIBRARY = "libc++";
				CLANG_ENABLE_MODULES = YES;
				CLANG_ENABLE_OBJC_ARC = YES;
				CLANG_WARN_BOOL_CONVERSION = YES;
				CLANG_WARN_CONSTANT_CONVERSION = YES;
				CLANG_WARN_DIRECT_OBJC_ISA_USAGE = YES_ERROR;
				CLANG_WARN_EMPTY_BODY = YES;
				CLANG_WARN_ENUM_CONVERSION = YES;
				CLANG_WARN_INT_CONVERSION = YES;
				CLANG_WARN_OBJC_ROOT_CLASS = YES_ERROR;
				CLANG_WARN_UNREACHABLE_CODE = YES;
				CLANG_WARN__DUPLICATE_METHOD_MATCH = YES;
				"CODE_SIGN_IDENTITY[sdk=iphoneos*]" = "iPhone Developer";
				COPY_PHASE_STRIP = NO;
				DEBUG_INFORMATION_FORMAT = "dwarf-with-dsym";
				ENABLE_NS_ASSERTIONS = NO;
				ENABLE_STRICT_OBJC_MSGSEND = YES;
				GCC_C_LANGUAGE_STANDARD = gnu99;
				GCC_NO_COMMON_BLOCKS = YES;
				GCC_WARN_64_TO_32_BIT_CONVERSION = YES;
				GCC_WARN_ABOUT_RETURN_TYPE = YES_ERROR;
				GCC_WARN_UNDECLARED_SELECTOR = YES;
				GCC_WARN_UNINITIALIZED_AUTOS = YES_AGGRESSIVE;
				GCC_WARN_UNUSED_FUNCTION = YES;
				GCC_WARN_UNUSED_VARIABLE = YES;
				IPHONEOS_DEPLOYMENT_TARGET = 8.4;
				MTL_ENABLE_DEBUG_INFO = NO;
				SDKROOT = iphoneos;
				VALIDATE_PRODUCT = YES;
			};
			name = Release;
		};
		C4303F231B57D948008C31A0 /* Debug */ = {
			isa = XCBuildConfiguration;
			buildSettings = {
				ASSETCATALOG_COMPILER_APPICON_NAME = AppIcon;
				INFOPLIST_FILE = MySafari/Info.plist;
				LD_RUNPATH_SEARCH_PATHS = "$(inherited) @executable_path/Frameworks";
				PRODUCT_NAME = "$(TARGET_NAME)";
			};
			name = Debug;
		};
		C4303F241B57D948008C31A0 /* Release */ = {
			isa = XCBuildConfiguration;
			buildSettings = {
				ASSETCATALOG_COMPILER_APPICON_NAME = AppIcon;
				INFOPLIST_FILE = MySafari/Info.plist;
				LD_RUNPATH_SEARCH_PATHS = "$(inherited) @executable_path/Frameworks";
				PRODUCT_NAME = "$(TARGET_NAME)";
			};
			name = Release;
		};
		C4303F261B57D948008C31A0 /* Debug */ = {
			isa = XCBuildConfiguration;
			buildSettings = {
				BUNDLE_LOADER = "$(TEST_HOST)";
				FRAMEWORK_SEARCH_PATHS = (
					"$(SDKROOT)/Developer/Library/Frameworks",
					"$(inherited)",
				);
				GCC_PREPROCESSOR_DEFINITIONS = (
					"DEBUG=1",
					"$(inherited)",
				);
				INFOPLIST_FILE = MySafariTests/Info.plist;
				LD_RUNPATH_SEARCH_PATHS = "$(inherited) @executable_path/Frameworks @loader_path/Frameworks";
				PRODUCT_NAME = "$(TARGET_NAME)";
				TEST_HOST = "$(BUILT_PRODUCTS_DIR)/MySafari.app/MySafari";
			};
			name = Debug;
		};
		C4303F271B57D948008C31A0 /* Release */ = {
			isa = XCBuildConfiguration;
			buildSettings = {
				BUNDLE_LOADER = "$(TEST_HOST)";
				FRAMEWORK_SEARCH_PATHS = (
					"$(SDKROOT)/Developer/Library/Frameworks",
					"$(inherited)",
				);
				INFOPLIST_FILE = MySafariTests/Info.plist;
				LD_RUNPATH_SEARCH_PATHS = "$(inherited) @executable_path/Frameworks @loader_path/Frameworks";
				PRODUCT_NAME = "$(TARGET_NAME)";
				TEST_HOST = "$(BUILT_PRODUCTS_DIR)/MySafari.app/MySafari";
			};
			name = Release;
		};
/* End XCBuildConfiguration section */

/* Begin XCConfigurationList section */
		C4303EFA1B57D948008C31A0 /* Build configuration list for PBXProject "MySafari" */ = {
			isa = XCConfigurationList;
			buildConfigurations = (
				C4303F201B57D948008C31A0 /* Debug */,
				C4303F211B57D948008C31A0 /* Release */,
			);
			defaultConfigurationIsVisible = 0;
			defaultConfigurationName = Release;
		};
		C4303F221B57D948008C31A0 /* Build configuration list for PBXNativeTarget "MySafari" */ = {
			isa = XCConfigurationList;
			buildConfigurations = (
				C4303F231B57D948008C31A0 /* Debug */,
				C4303F241B57D948008C31A0 /* Release */,
			);
			defaultConfigurationIsVisible = 0;
		};
		C4303F251B57D948008C31A0 /* Build configuration list for PBXNativeTarget "MySafariTests" */ = {
			isa = XCConfigurationList;
			buildConfigurations = (
				C4303F261B57D948008C31A0 /* Debug */,
				C4303F271B57D948008C31A0 /* Release */,
			);
			defaultConfigurationIsVisible = 0;
		};
/* End XCConfigurationList section */
	};
	rootObject = C4303EF71B57D948008C31A0 /* Project object */;
}
